// !$*UTF8*$!
{
	archiveVersion = 1;
	classes = {
	};
	objectVersion = 77;
	objects = {

/* Begin PBXBuildFile section */
		3D4CC347CEBD8C3F9A60F368 /* Pods_ClothesShopTests.framework in Frameworks */ = {isa = PBXBuildFile; fileRef = B464BF8BF94512AF9943529B /* Pods_ClothesShopTests.framework */; };
		8B71DF72FCF122DAB7B01329 /* Pods_ClothesShop.framework in Frameworks */ = {isa = PBXBuildFile; fileRef = CEE07896B205A89293070A20 /* Pods_ClothesShop.framework */; };
		9835B6A12F55C58E005FA0C0 /* NotificationsViewController.xib in Resources */ = {isa = PBXBuildFile; fileRef = 9835B6932F55C58E005FA0C0 /* NotificationsViewController.xib */; };
		9835B6A22F55C58E005FA0C0 /* LaunchScreen.storyboard in Resources */ = {isa = PBXBuildFile; fileRef = 9835B69C2F55C58E005FA0C0 /* LaunchScreen.storyboard */; };
		9835B6A42F55C58E005FA0C0 /* HomeViewController.xib in Resources */ = {isa = PBXBuildFile; fileRef = 9835B68E2F55C58E005FA0C0 /* HomeViewController.xib */; };
		9835B6A52F55C58E005FA0C0 /* Assets.xcassets in Resources */ = {isa = PBXBuildFile; fileRef = 9835B6992F55C58E005FA0C0 /* Assets.xcassets */; };
		9835B6A62F55C58E005FA0C0 /* BaseViewController.swift in Sources */ = {isa = PBXBuildFile; fileRef = 9835B6862F55C58E005FA0C0 /* BaseViewController.swift */; };
		9835B6A72F55C58E005FA0C0 /* AppDelegate.swift in Sources */ = {isa = PBXBuildFile; fileRef = 9835B6892F55C58E005FA0C0 /* AppDelegate.swift */; };
		9835B6A82F55C58E005FA0C0 /* NetworkService.swift in Sources */ = {isa = PBXBuildFile; fileRef = 9835B6972F55C58E005FA0C0 /* NetworkService.swift */; };
		9835B6A92F55C58E005FA0C0 /* NotificationsModel.swift in Sources */ = {isa = PBXBuildFile; fileRef = 9835B6912F55C58E005FA0C0 /* NotificationsModel.swift */; };
		9835B6AA2F55C58E005FA0C0 /* SceneDelegate.swift in Sources */ = {isa = PBXBuildFile; fileRef = 9835B68A2F55C58E005FA0C0 /* SceneDelegate.swift */; };
		9835B6AC2F55C58E005FA0C0 /* HomeViewModel.swift in Sources */ = {isa = PBXBuildFile; fileRef = 9835B68F2F55C58E005FA0C0 /* HomeViewModel.swift */; };
		9835B6AD2F55C58E005FA0C0 /* BaseViewModel.swift in Sources */ = {isa = PBXBuildFile; fileRef = 9835B6872F55C58E005FA0C0 /* BaseViewModel.swift */; };
		9835B6AE2F55C58E005FA0C0 /* BaseCoordinator.swift in Sources */ = {isa = PBXBuildFile; fileRef = 9835B6852F55C58E005FA0C0 /* BaseCoordinator.swift */; };
		9835B6AF2F55C58E005FA0C0 /* AppCoordinator.swift in Sources */ = {isa = PBXBuildFile; fileRef = 9835B6842F55C58E005FA0C0 /* AppCoordinator.swift */; };
		9835B6B02F55C58E005FA0C0 /* HomeCoordinator.swift in Sources */ = {isa = PBXBuildFile; fileRef = 9835B68C2F55C58E005FA0C0 /* HomeCoordinator.swift */; };
		9835B6B12F55C58E005FA0C0 /* NotificationsViewController.swift in Sources */ = {isa = PBXBuildFile; fileRef = 9835B6922F55C58E005FA0C0 /* NotificationsViewController.swift */; };
		9835B6B22F55C58E005FA0C0 /* NotificationsViewModel.swift in Sources */ = {isa = PBXBuildFile; fileRef = 9835B6942F55C58E005FA0C0 /* NotificationsViewModel.swift */; };
		9835B6B32F55C58E005FA0C0 /* HomeViewController.swift in Sources */ = {isa = PBXBuildFile; fileRef = 9835B68D2F55C58E005FA0C0 /* HomeViewController.swift */; };
		9835B6B42F55C58E005FA0C0 /* BaseViewController.swift in Sources */ = {isa = PBXBuildFile; fileRef = 9835B6862F55C58E005FA0C0 /* BaseViewController.swift */; };
		9835B6B52F55C58E005FA0C0 /* AppDelegate.swift in Sources */ = {isa = PBXBuildFile; fileRef = 9835B6892F55C58E005FA0C0 /* AppDelegate.swift */; };
		9835B6B62F55C58E005FA0C0 /* NetworkService.swift in Sources */ = {isa = PBXBuildFile; fileRef = 9835B6972F55C58E005FA0C0 /* NetworkService.swift */; };
		9835B6B72F55C58E005FA0C0 /* NotificationsModel.swift in Sources */ = {isa = PBXBuildFile; fileRef = 9835B6912F55C58E005FA0C0 /* NotificationsModel.swift */; };
		9835B6B82F55C58E005FA0C0 /* SceneDelegate.swift in Sources */ = {isa = PBXBuildFile; fileRef = 9835B68A2F55C58E005FA0C0 /* SceneDelegate.swift */; };
		9835B6B92F55C58E005FA0C0 /* ClothesShopTests.swift in Sources */ = {isa = PBXBuildFile; fileRef = 9835B69E2F55C58E005FA0C0 /* ClothesShopTests.swift */; };
		9835B6BA2F55C58E005FA0C0 /* HomeViewModel.swift in Sources */ = {isa = PBXBuildFile; fileRef = 9835B68F2F55C58E005FA0C0 /* HomeViewModel.swift */; };
		9835B6BB2F55C58E005FA0C0 /* BaseViewModel.swift in Sources */ = {isa = PBXBuildFile; fileRef = 9835B6872F55C58E005FA0C0 /* BaseViewModel.swift */; };
		9835B6BC2F55C58E005FA0C0 /* BaseCoordinator.swift in Sources */ = {isa = PBXBuildFile; fileRef = 9835B6852F55C58E005FA0C0 /* BaseCoordinator.swift */; };
		9835B6BD2F55C58E005FA0C0 /* AppCoordinator.swift in Sources */ = {isa = PBXBuildFile; fileRef = 9835B6842F55C58E005FA0C0 /* AppCoordinator.swift */; };
		9835B6BE2F55C58E005FA0C0 /* HomeCoordinator.swift in Sources */ = {isa = PBXBuildFile; fileRef = 9835B68C2F55C58E005FA0C0 /* HomeCoordinator.swift */; };
		9835B6BF2F55C58E005FA0C0 /* NotificationsViewController.swift in Sources */ = {isa = PBXBuildFile; fileRef = 9835B6922F55C58E005FA0C0 /* NotificationsViewController.swift */; };
		9835B6C02F55C58E005FA0C0 /* NotificationsViewModel.swift in Sources */ = {isa = PBXBuildFile; fileRef = 9835B6942F55C58E005FA0C0 /* NotificationsViewModel.swift */; };
		9835B6C12F55C58E005FA0C0 /* HomeViewController.swift in Sources */ = {isa = PBXBuildFile; fileRef = 9835B68D2F55C58E005FA0C0 /* HomeViewController.swift */; };
		9835B6C22F55C58E005FA0C0 /* NotificationsViewController.xib in Resources */ = {isa = PBXBuildFile; fileRef = 9835B6932F55C58E005FA0C0 /* NotificationsViewController.xib */; };
		9835B6C32F55C58E005FA0C0 /* LaunchScreen.storyboard in Resources */ = {isa = PBXBuildFile; fileRef = 9835B69C2F55C58E005FA0C0 /* LaunchScreen.storyboard */; };
		9835B6C52F55C58E005FA0C0 /* HomeViewController.xib in Resources */ = {isa = PBXBuildFile; fileRef = 9835B68E2F55C58E005FA0C0 /* HomeViewController.xib */; };
		9835B6C62F55C58E005FA0C0 /* Assets.xcassets in Resources */ = {isa = PBXBuildFile; fileRef = 9835B6992F55C58E005FA0C0 /* Assets.xcassets */; };
		9835B6C72F55C5CB005FA0C0 /* Info.plist in Resources */ = {isa = PBXBuildFile; fileRef = 9835B69A2F55C58E005FA0C0 /* Info.plist */; };
/* End PBXBuildFile section */

/* Begin PBXContainerItemProxy section */
		9835B41B2F5597E9005FA0C0 /* PBXContainerItemProxy */ = {
			isa = PBXContainerItemProxy;
			containerPortal = 9835B3FC2F5597E8005FA0C0 /* Project object */;
			proxyType = 1;
			remoteGlobalIDString = 9835B4032F5597E8005FA0C0;
			remoteInfo = ClothesShop;
		};
/* End PBXContainerItemProxy section */

/* Begin PBXFileReference section */
		2C49B035013060AD8777FA73 /* Pods-ClothesShop.debug.xcconfig */ = {isa = PBXFileReference; includeInIndex = 1; lastKnownFileType = text.xcconfig; name = "Pods-ClothesShop.debug.xcconfig"; path = "Target Support Files/Pods-ClothesShop/Pods-ClothesShop.debug.xcconfig"; sourceTree = "<group>"; };
		547162F5A5039A6E09F26285 /* Pods-ClothesShopTests.debug.xcconfig */ = {isa = PBXFileReference; includeInIndex = 1; lastKnownFileType = text.xcconfig; name = "Pods-ClothesShopTests.debug.xcconfig"; path = "Target Support Files/Pods-ClothesShopTests/Pods-ClothesShopTests.debug.xcconfig"; sourceTree = "<group>"; };
		9835B6842F55C58E005FA0C0 /* AppCoordinator.swift */ = {isa = PBXFileReference; lastKnownFileType = sourcecode.swift; path = AppCoordinator.swift; sourceTree = "<group>"; };
		9835B6852F55C58E005FA0C0 /* BaseCoordinator.swift */ = {isa = PBXFileReference; lastKnownFileType = sourcecode.swift; path = BaseCoordinator.swift; sourceTree = "<group>"; };
		9835B6862F55C58E005FA0C0 /* BaseViewController.swift */ = {isa = PBXFileReference; lastKnownFileType = sourcecode.swift; path = BaseViewController.swift; sourceTree = "<group>"; };
		9835B6872F55C58E005FA0C0 /* BaseViewModel.swift */ = {isa = PBXFileReference; lastKnownFileType = sourcecode.swift; path = BaseViewModel.swift; sourceTree = "<group>"; };
		9835B6892F55C58E005FA0C0 /* AppDelegate.swift */ = {isa = PBXFileReference; lastKnownFileType = sourcecode.swift; path = AppDelegate.swift; sourceTree = "<group>"; };
		9835B68A2F55C58E005FA0C0 /* SceneDelegate.swift */ = {isa = PBXFileReference; lastKnownFileType = sourcecode.swift; path = SceneDelegate.swift; sourceTree = "<group>"; };
		9835B68C2F55C58E005FA0C0 /* HomeCoordinator.swift */ = {isa = PBXFileReference; lastKnownFileType = sourcecode.swift; path = HomeCoordinator.swift; sourceTree = "<group>"; };
		9835B68D2F55C58E005FA0C0 /* HomeViewController.swift */ = {isa = PBXFileReference; lastKnownFileType = sourcecode.swift; path = HomeViewController.swift; sourceTree = "<group>"; };
		9835B68E2F55C58E005FA0C0 /* HomeViewController.xib */ = {isa = PBXFileReference; lastKnownFileType = file.xib; path = HomeViewController.xib; sourceTree = "<group>"; };
		9835B68F2F55C58E005FA0C0 /* HomeViewModel.swift */ = {isa = PBXFileReference; lastKnownFileType = sourcecode.swift; path = HomeViewModel.swift; sourceTree = "<group>"; };
		9835B6912F55C58E005FA0C0 /* NotificationsModel.swift */ = {isa = PBXFileReference; lastKnownFileType = sourcecode.swift; path = NotificationsModel.swift; sourceTree = "<group>"; };
		9835B6922F55C58E005FA0C0 /* NotificationsViewController.swift */ = {isa = PBXFileReference; lastKnownFileType = sourcecode.swift; path = NotificationsViewController.swift; sourceTree = "<group>"; };
		9835B6932F55C58E005FA0C0 /* NotificationsViewController.xib */ = {isa = PBXFileReference; lastKnownFileType = file.xib; path = NotificationsViewController.xib; sourceTree = "<group>"; };
		9835B6942F55C58E005FA0C0 /* NotificationsViewModel.swift */ = {isa = PBXFileReference; lastKnownFileType = sourcecode.swift; path = NotificationsViewModel.swift; sourceTree = "<group>"; };
		9835B6972F55C58E005FA0C0 /* NetworkService.swift */ = {isa = PBXFileReference; lastKnownFileType = sourcecode.swift; path = NetworkService.swift; sourceTree = "<group>"; };
		9835B6992F55C58E005FA0C0 /* Assets.xcassets */ = {isa = PBXFileReference; lastKnownFileType = folder.assetcatalog; path = Assets.xcassets; sourceTree = "<group>"; };
		9835B69A2F55C58E005FA0C0 /* Info.plist */ = {isa = PBXFileReference; lastKnownFileType = text.plist.xml; path = Info.plist; sourceTree = "<group>"; };
		9835B69B2F55C58E005FA0C0 /* Base */ = {isa = PBXFileReference; lastKnownFileType = file.storyboard; name = Base; path = Base.lproj/LaunchScreen.storyboard; sourceTree = "<group>"; };
		9835B69E2F55C58E005FA0C0 /* ClothesShopTests.swift */ = {isa = PBXFileReference; lastKnownFileType = sourcecode.swift; path = ClothesShopTests.swift; sourceTree = "<group>"; };
		9839614A2F55C619004EA8BA /* ClothesShop.app */ = {isa = PBXFileReference; explicitFileType = wrapper.application; includeInIndex = 0; path = ClothesShop.app; sourceTree = BUILT_PRODUCTS_DIR; };
		9839614B2F55C619004EA8BA /* ClothesShopTests.xctest */ = {isa = PBXFileReference; explicitFileType = wrapper.cfbundle; includeInIndex = 0; path = ClothesShopTests.xctest; sourceTree = BUILT_PRODUCTS_DIR; };
		B464BF8BF94512AF9943529B /* Pods_ClothesShopTests.framework */ = {isa = PBXFileReference; explicitFileType = wrapper.framework; includeInIndex = 0; path = Pods_ClothesShopTests.framework; sourceTree = BUILT_PRODUCTS_DIR; };
		CCCE2297CD5DEF95DE0B9B3D /* Pods-ClothesShop.release.xcconfig */ = {isa = PBXFileReference; includeInIndex = 1; lastKnownFileType = text.xcconfig; name = "Pods-ClothesShop.release.xcconfig"; path = "Target Support Files/Pods-ClothesShop/Pods-ClothesShop.release.xcconfig"; sourceTree = "<group>"; };
		CEE07896B205A89293070A20 /* Pods_ClothesShop.framework */ = {isa = PBXFileReference; explicitFileType = wrapper.framework; includeInIndex = 0; path = Pods_ClothesShop.framework; sourceTree = BUILT_PRODUCTS_DIR; };
		ED79FC42D0EA29D1BFF46F61 /* Pods-ClothesShopTests.release.xcconfig */ = {isa = PBXFileReference; includeInIndex = 1; lastKnownFileType = text.xcconfig; name = "Pods-ClothesShopTests.release.xcconfig"; path = "Target Support Files/Pods-ClothesShopTests/Pods-ClothesShopTests.release.xcconfig"; sourceTree = "<group>"; };
/* End PBXFileReference section */

/* Begin PBXFrameworksBuildPhase section */
		9835B4012F5597E8005FA0C0 /* Frameworks */ = {
			isa = PBXFrameworksBuildPhase;
			buildActionMask = 2147483647;
			files = (
				8B71DF72FCF122DAB7B01329 /* Pods_ClothesShop.framework in Frameworks */,
			);
			runOnlyForDeploymentPostprocessing = 0;
		};
		9835B4172F5597E9005FA0C0 /* Frameworks */ = {
			isa = PBXFrameworksBuildPhase;
			buildActionMask = 2147483647;
			files = (
				3D4CC347CEBD8C3F9A60F368 /* Pods_ClothesShopTests.framework in Frameworks */,
			);
			runOnlyForDeploymentPostprocessing = 0;
		};
/* End PBXFrameworksBuildPhase section */

/* Begin PBXGroup section */
		5AD03AFB70B8E80FBC284DEC /* Pods */ = {
			isa = PBXGroup;
			children = (
				2C49B035013060AD8777FA73 /* Pods-ClothesShop.debug.xcconfig */,
				CCCE2297CD5DEF95DE0B9B3D /* Pods-ClothesShop.release.xcconfig */,
				547162F5A5039A6E09F26285 /* Pods-ClothesShopTests.debug.xcconfig */,
				ED79FC42D0EA29D1BFF46F61 /* Pods-ClothesShopTests.release.xcconfig */,
			);
			path = Pods;
			sourceTree = "<group>";
		};
		9835B3FB2F5597E8005FA0C0 = {
			isa = PBXGroup;
			children = (
				9835B69D2F55C58E005FA0C0 /* ClothesShop */,
				9835B6A02F55C58E005FA0C0 /* ClothesShopTests */,
				5AD03AFB70B8E80FBC284DEC /* Pods */,
				D0964E79C27C7B7554CFE083 /* Frameworks */,
				9839614A2F55C619004EA8BA /* ClothesShop.app */,
				9839614B2F55C619004EA8BA /* ClothesShopTests.xctest */,
			);
			sourceTree = "<group>";
		};
		9835B6882F55C58E005FA0C0 /* Base */ = {
			isa = PBXGroup;
			children = (
				9835B6842F55C58E005FA0C0 /* AppCoordinator.swift */,
				9835B6852F55C58E005FA0C0 /* BaseCoordinator.swift */,
				9835B6862F55C58E005FA0C0 /* BaseViewController.swift */,
				9835B6872F55C58E005FA0C0 /* BaseViewModel.swift */,
			);
			path = Base;
			sourceTree = "<group>";
		};
		9835B68B2F55C58E005FA0C0 /* Foundation */ = {
			isa = PBXGroup;
			children = (
				9835B6892F55C58E005FA0C0 /* AppDelegate.swift */,
				9835B68A2F55C58E005FA0C0 /* SceneDelegate.swift */,
			);
			path = Foundation;
			sourceTree = "<group>";
		};
		9835B6902F55C58E005FA0C0 /* Home */ = {
			isa = PBXGroup;
			children = (
				9835B68C2F55C58E005FA0C0 /* HomeCoordinator.swift */,
				9835B68D2F55C58E005FA0C0 /* HomeViewController.swift */,
				9835B68E2F55C58E005FA0C0 /* HomeViewController.xib */,
				9835B68F2F55C58E005FA0C0 /* HomeViewModel.swift */,
			);
			path = Home;
			sourceTree = "<group>";
		};
		9835B6952F55C58E005FA0C0 /* Notifications */ = {
			isa = PBXGroup;
			children = (
				9835B6912F55C58E005FA0C0 /* NotificationsModel.swift */,
				9835B6922F55C58E005FA0C0 /* NotificationsViewController.swift */,
				9835B6932F55C58E005FA0C0 /* NotificationsViewController.xib */,
				9835B6942F55C58E005FA0C0 /* NotificationsViewModel.swift */,
			);
			path = Notifications;
			sourceTree = "<group>";
		};
		9835B6962F55C58E005FA0C0 /* Screens */ = {
			isa = PBXGroup;
			children = (
				9835B6902F55C58E005FA0C0 /* Home */,
				9835B6952F55C58E005FA0C0 /* Notifications */,
			);
			path = Screens;
			sourceTree = "<group>";
		};
		9835B6982F55C58E005FA0C0 /* Service */ = {
			isa = PBXGroup;
			children = (
				9835B6972F55C58E005FA0C0 /* NetworkService.swift */,
			);
			path = Service;
			sourceTree = "<group>";
		};
		9835B69D2F55C58E005FA0C0 /* ClothesShop */ = {
			isa = PBXGroup;
			children = (
				9835B6882F55C58E005FA0C0 /* Base */,
				9835B68B2F55C58E005FA0C0 /* Foundation */,
				9835B6962F55C58E005FA0C0 /* Screens */,
				9835B6982F55C58E005FA0C0 /* Service */,
				9835B6992F55C58E005FA0C0 /* Assets.xcassets */,
				9835B69A2F55C58E005FA0C0 /* Info.plist */,
				9835B69C2F55C58E005FA0C0 /* LaunchScreen.storyboard */,
			);
			path = ClothesShop;
			sourceTree = "<group>";
		};
		9835B69F2F55C58E005FA0C0 /* ViewModel */ = {
			isa = PBXGroup;
			children = (
				9835B69E2F55C58E005FA0C0 /* ClothesShopTests.swift */,
			);
			path = ViewModel;
			sourceTree = "<group>";
		};
		9835B6A02F55C58E005FA0C0 /* ClothesShopTests */ = {
			isa = PBXGroup;
			children = (
				9835B69F2F55C58E005FA0C0 /* ViewModel */,
			);
			path = ClothesShopTests;
			sourceTree = "<group>";
		};
		D0964E79C27C7B7554CFE083 /* Frameworks */ = {
			isa = PBXGroup;
			children = (
				CEE07896B205A89293070A20 /* Pods_ClothesShop.framework */,
				B464BF8BF94512AF9943529B /* Pods_ClothesShopTests.framework */,
			);
			name = Frameworks;
			sourceTree = "<group>";
		};
/* End PBXGroup section */

/* Begin PBXNativeTarget section */
		9835B4032F5597E8005FA0C0 /* ClothesShop */ = {
			isa = PBXNativeTarget;
			buildConfigurationList = 9835B42D2F5597E9005FA0C0 /* Build configuration list for PBXNativeTarget "ClothesShop" */;
			buildPhases = (
				1A9CF5EED4FA20CFB9503BB6 /* [CP] Check Pods Manifest.lock */,
				9835B4002F5597E8005FA0C0 /* Sources */,
				9835B4012F5597E8005FA0C0 /* Frameworks */,
				9835B4022F5597E8005FA0C0 /* Resources */,
				5FE1AF6A77A034497A679D89 /* [CP] Embed Pods Frameworks */,
			);
			buildRules = (
			);
			dependencies = (
			);
			name = ClothesShop;
			productName = ClothesShop;
			productReference = 9839614A2F55C619004EA8BA /* ClothesShop.app */;
			productType = "com.apple.product-type.application";
		};
		9835B4192F5597E9005FA0C0 /* ClothesShopTests */ = {
			isa = PBXNativeTarget;
			buildConfigurationList = 9835B4322F5597E9005FA0C0 /* Build configuration list for PBXNativeTarget "ClothesShopTests" */;
			buildPhases = (
				C7FF770DA53654EC0C6CB197 /* [CP] Check Pods Manifest.lock */,
				9835B4162F5597E9005FA0C0 /* Sources */,
				9835B4172F5597E9005FA0C0 /* Frameworks */,
				9835B4182F5597E9005FA0C0 /* Resources */,
				6A5E893BE57B35BED70CA9FE /* [CP] Embed Pods Frameworks */,
			);
			buildRules = (
			);
			dependencies = (
				9835B41C2F5597E9005FA0C0 /* PBXTargetDependency */,
			);
			name = ClothesShopTests;
			productName = ClothesShopTests;
			productReference = 9839614B2F55C619004EA8BA /* ClothesShopTests.xctest */;
			productType = "com.apple.product-type.bundle.unit-test";
		};
/* End PBXNativeTarget section */

/* Begin PBXProject section */
		9835B3FC2F5597E8005FA0C0 /* Project object */ = {
			isa = PBXProject;
			attributes = {
				BuildIndependentTargetsInParallel = 1;
				LastSwiftUpdateCheck = 2620;
				LastUpgradeCheck = 2620;
				TargetAttributes = {
					9835B4032F5597E8005FA0C0 = {
						CreatedOnToolsVersion = 26.2;
					};
					9835B4192F5597E9005FA0C0 = {
						CreatedOnToolsVersion = 26.2;
						TestTargetID = 9835B4032F5597E8005FA0C0;
					};
				};
			};
			buildConfigurationList = 9835B3FF2F5597E8005FA0C0 /* Build configuration list for PBXProject "ClothesShop" */;
			developmentRegion = en;
			hasScannedForEncodings = 0;
			knownRegions = (
				en,
				Base,
			);
			mainGroup = 9835B3FB2F5597E8005FA0C0;
			minimizedProjectReferenceProxies = 1;
			preferredProjectObjectVersion = 77;
			productRefGroup = 9835B3FB2F5597E8005FA0C0;
			projectDirPath = "";
			projectRoot = "";
			targets = (
				9835B4032F5597E8005FA0C0 /* ClothesShop */,
				9835B4192F5597E9005FA0C0 /* ClothesShopTests */,
			);
		};
/* End PBXProject section */

/* Begin PBXResourcesBuildPhase section */
		9835B4022F5597E8005FA0C0 /* Resources */ = {
			isa = PBXResourcesBuildPhase;
			buildActionMask = 2147483647;
			files = (
				9835B6A12F55C58E005FA0C0 /* NotificationsViewController.xib in Resources */,
				9835B6A22F55C58E005FA0C0 /* LaunchScreen.storyboard in Resources */,
				9835B6A42F55C58E005FA0C0 /* HomeViewController.xib in Resources */,
				9835B6A52F55C58E005FA0C0 /* Assets.xcassets in Resources */,
			);
			runOnlyForDeploymentPostprocessing = 0;
		};
		9835B4182F5597E9005FA0C0 /* Resources */ = {
			isa = PBXResourcesBuildPhase;
			buildActionMask = 2147483647;
			files = (
				9835B6C72F55C5CB005FA0C0 /* Info.plist in Resources */,
				9835B6C22F55C58E005FA0C0 /* NotificationsViewController.xib in Resources */,
				9835B6C32F55C58E005FA0C0 /* LaunchScreen.storyboard in Resources */,
				9835B6C52F55C58E005FA0C0 /* HomeViewController.xib in Resources */,
				9835B6C62F55C58E005FA0C0 /* Assets.xcassets in Resources */,
			);
			runOnlyForDeploymentPostprocessing = 0;
		};
/* End PBXResourcesBuildPhase section */

/* Begin PBXShellScriptBuildPhase section */
		1A9CF5EED4FA20CFB9503BB6 /* [CP] Check Pods Manifest.lock */ = {
			isa = PBXShellScriptBuildPhase;
			buildActionMask = 2147483647;
			files = (
			);
			inputFileListPaths = (
			);
			inputPaths = (
				"${PODS_PODFILE_DIR_PATH}/Podfile.lock",
				"${PODS_ROOT}/Manifest.lock",
			);
			name = "[CP] Check Pods Manifest.lock";
			outputFileListPaths = (
			);
			outputPaths = (
				"$(DERIVED_FILE_DIR)/Pods-ClothesShop-checkManifestLockResult.txt",
			);
			runOnlyForDeploymentPostprocessing = 0;
			shellPath = /bin/sh;
			shellScript = "diff \"${PODS_PODFILE_DIR_PATH}/Podfile.lock\" \"${PODS_ROOT}/Manifest.lock\" > /dev/null\nif [ $? != 0 ] ; then\n    # print error to STDERR\n    echo \"error: The sandbox is not in sync with the Podfile.lock. Run 'pod install' or update your CocoaPods installation.\" >&2\n    exit 1\nfi\n# This output is used by Xcode 'outputs' to avoid re-running this script phase.\necho \"SUCCESS\" > \"${SCRIPT_OUTPUT_FILE_0}\"\n";
			showEnvVarsInLog = 0;
		};
		5FE1AF6A77A034497A679D89 /* [CP] Embed Pods Frameworks */ = {
			isa = PBXShellScriptBuildPhase;
			buildActionMask = 2147483647;
			files = (
			);
			inputFileListPaths = (
				"${PODS_ROOT}/Target Support Files/Pods-ClothesShop/Pods-ClothesShop-frameworks-${CONFIGURATION}-input-files.xcfilelist",
			);
			inputPaths = (
			);
			name = "[CP] Embed Pods Frameworks";
			outputFileListPaths = (
				"${PODS_ROOT}/Target Support Files/Pods-ClothesShop/Pods-ClothesShop-frameworks-${CONFIGURATION}-output-files.xcfilelist",
			);
			outputPaths = (
			);
			runOnlyForDeploymentPostprocessing = 0;
			shellPath = /bin/sh;
			shellScript = "\"${PODS_ROOT}/Target Support Files/Pods-ClothesShop/Pods-ClothesShop-frameworks.sh\"\n";
			showEnvVarsInLog = 0;
		};
		6A5E893BE57B35BED70CA9FE /* [CP] Embed Pods Frameworks */ = {
			isa = PBXShellScriptBuildPhase;
			buildActionMask = 2147483647;
			files = (
			);
			inputFileListPaths = (
				"${PODS_ROOT}/Target Support Files/Pods-ClothesShopTests/Pods-ClothesShopTests-frameworks-${CONFIGURATION}-input-files.xcfilelist",
			);
			inputPaths = (
			);
			name = "[CP] Embed Pods Frameworks";
			outputFileListPaths = (
				"${PODS_ROOT}/Target Support Files/Pods-ClothesShopTests/Pods-ClothesShopTests-frameworks-${CONFIGURATION}-output-files.xcfilelist",
			);
			outputPaths = (
			);
			runOnlyForDeploymentPostprocessing = 0;
			shellPath = /bin/sh;
			shellScript = "\"${PODS_ROOT}/Target Support Files/Pods-ClothesShopTests/Pods-ClothesShopTests-frameworks.sh\"\n";
			showEnvVarsInLog = 0;
		};
		C7FF770DA53654EC0C6CB197 /* [CP] Check Pods Manifest.lock */ = {
			isa = PBXShellScriptBuildPhase;
			buildActionMask = 2147483647;
			files = (
			);
			inputFileListPaths = (
			);
			inputPaths = (
				"${PODS_PODFILE_DIR_PATH}/Podfile.lock",
				"${PODS_ROOT}/Manifest.lock",
			);
			name = "[CP] Check Pods Manifest.lock";
			outputFileListPaths = (
			);
			outputPaths = (
				"$(DERIVED_FILE_DIR)/Pods-ClothesShopTests-checkManifestLockResult.txt",
			);
			runOnlyForDeploymentPostprocessing = 0;
			shellPath = /bin/sh;
			shellScript = "diff \"${PODS_PODFILE_DIR_PATH}/Podfile.lock\" \"${PODS_ROOT}/Manifest.lock\" > /dev/null\nif [ $? != 0 ] ; then\n    # print error to STDERR\n    echo \"error: The sandbox is not in sync with the Podfile.lock. Run 'pod install' or update your CocoaPods installation.\" >&2\n    exit 1\nfi\n# This output is used by Xcode 'outputs' to avoid re-running this script phase.\necho \"SUCCESS\" > \"${SCRIPT_OUTPUT_FILE_0}\"\n";
			showEnvVarsInLog = 0;
		};
/* End PBXShellScriptBuildPhase section */

/* Begin PBXSourcesBuildPhase section */
		9835B4002F5597E8005FA0C0 /* Sources */ = {
			isa = PBXSourcesBuildPhase;
			buildActionMask = 2147483647;
			files = (
				9835B6A62F55C58E005FA0C0 /* BaseViewController.swift in Sources */,
				9835B6A72F55C58E005FA0C0 /* AppDelegate.swift in Sources */,
				9835B6A82F55C58E005FA0C0 /* NetworkService.swift in Sources */,
				9835B6A92F55C58E005FA0C0 /* NotificationsModel.swift in Sources */,
				9835B6AA2F55C58E005FA0C0 /* SceneDelegate.swift in Sources */,
				9835B6AC2F55C58E005FA0C0 /* HomeViewModel.swift in Sources */,
				9835B6AD2F55C58E005FA0C0 /* BaseViewModel.swift in Sources */,
				9835B6AE2F55C58E005FA0C0 /* BaseCoordinator.swift in Sources */,
				9835B6AF2F55C58E005FA0C0 /* AppCoordinator.swift in Sources */,
				9835B6B02F55C58E005FA0C0 /* HomeCoordinator.swift in Sources */,
				9835B6B12F55C58E005FA0C0 /* NotificationsViewController.swift in Sources */,
				9835B6B22F55C58E005FA0C0 /* NotificationsViewModel.swift in Sources */,
				9835B6B32F55C58E005FA0C0 /* HomeViewController.swift in Sources */,
			);
			runOnlyForDeploymentPostprocessing = 0;
		};
		9835B4162F5597E9005FA0C0 /* Sources */ = {
			isa = PBXSourcesBuildPhase;
			buildActionMask = 2147483647;
			files = (
				9835B6B42F55C58E005FA0C0 /* BaseViewController.swift in Sources */,
				9835B6B52F55C58E005FA0C0 /* AppDelegate.swift in Sources */,
				9835B6B62F55C58E005FA0C0 /* NetworkService.swift in Sources */,
				9835B6B72F55C58E005FA0C0 /* NotificationsModel.swift in Sources */,
				9835B6B82F55C58E005FA0C0 /* SceneDelegate.swift in Sources */,
				9835B6B92F55C58E005FA0C0 /* ClothesShopTests.swift in Sources */,
				9835B6BA2F55C58E005FA0C0 /* HomeViewModel.swift in Sources */,
				9835B6BB2F55C58E005FA0C0 /* BaseViewModel.swift in Sources */,
				9835B6BC2F55C58E005FA0C0 /* BaseCoordinator.swift in Sources */,
				9835B6BD2F55C58E005FA0C0 /* AppCoordinator.swift in Sources */,
				9835B6BE2F55C58E005FA0C0 /* HomeCoordinator.swift in Sources */,
				9835B6BF2F55C58E005FA0C0 /* NotificationsViewController.swift in Sources */,
				9835B6C02F55C58E005FA0C0 /* NotificationsViewModel.swift in Sources */,
				9835B6C12F55C58E005FA0C0 /* HomeViewController.swift in Sources */,
			);
			runOnlyForDeploymentPostprocessing = 0;
		};
/* End PBXSourcesBuildPhase section */

/* Begin PBXTargetDependency section */
		9835B41C2F5597E9005FA0C0 /* PBXTargetDependency */ = {
			isa = PBXTargetDependency;
			target = 9835B4032F5597E8005FA0C0 /* ClothesShop */;
			targetProxy = 9835B41B2F5597E9005FA0C0 /* PBXContainerItemProxy */;
		};
/* End PBXTargetDependency section */

/* Begin PBXVariantGroup section */
		9835B69C2F55C58E005FA0C0 /* LaunchScreen.storyboard */ = {
			isa = PBXVariantGroup;
			children = (
				9835B69B2F55C58E005FA0C0 /* Base */,
			);
			name = LaunchScreen.storyboard;
			sourceTree = "<group>";
		};
/* End PBXVariantGroup section */

/* Begin XCBuildConfiguration section */
		9835B42E2F5597E9005FA0C0 /* Debug */ = {
			isa = XCBuildConfiguration;
			baseConfigurationReference = 2C49B035013060AD8777FA73 /* Pods-ClothesShop.debug.xcconfig */;
			buildSettings = {
				ASSETCATALOG_COMPILER_APPICON_NAME = AppIcon;
				ASSETCATALOG_COMPILER_GLOBAL_ACCENT_COLOR_NAME = AccentColor;
				CODE_SIGN_STYLE = Automatic;
				CURRENT_PROJECT_VERSION = 1;
				DEVELOPMENT_TEAM = WSRFJTXVY6;
				ENABLE_USER_SCRIPT_SANDBOXING = NO;
				GENERATE_INFOPLIST_FILE = YES;
				INFOPLIST_FILE = ClothesShop/Info.plist;
				INFOPLIST_KEY_UIApplicationSupportsIndirectInputEvents = YES;
				INFOPLIST_KEY_UILaunchStoryboardName = LaunchScreen;
				INFOPLIST_KEY_UISupportedInterfaceOrientations_iPad = "UIInterfaceOrientationPortrait UIInterfaceOrientationPortraitUpsideDown UIInterfaceOrientationLandscapeLeft UIInterfaceOrientationLandscapeRight";
				INFOPLIST_KEY_UISupportedInterfaceOrientations_iPhone = "UIInterfaceOrientationPortrait UIInterfaceOrientationLandscapeLeft UIInterfaceOrientationLandscapeRight";
				LD_RUNPATH_SEARCH_PATHS = (
					"$(inherited)",
					"@executable_path/Frameworks",
				);
				MARKETING_VERSION = 1.0;
				PRODUCT_BUNDLE_IDENTIFIER = ClothesShop.ClothesShop;
				PRODUCT_NAME = "$(TARGET_NAME)";
				STRING_CATALOG_GENERATE_SYMBOLS = YES;
				SWIFT_APPROACHABLE_CONCURRENCY = YES;
				SWIFT_DEFAULT_ACTOR_ISOLATION = MainActor;
				SWIFT_EMIT_LOC_STRINGS = YES;
				SWIFT_UPCOMING_FEATURE_MEMBER_IMPORT_VISIBILITY = YES;
				SWIFT_VERSION = 5.0;
				TARGETED_DEVICE_FAMILY = "1,2";
			};
			name = Debug;
		};
		9835B42F2F5597E9005FA0C0 /* Release */ = {
			isa = XCBuildConfiguration;
			baseConfigurationReference = CCCE2297CD5DEF95DE0B9B3D /* Pods-ClothesShop.release.xcconfig */;
			buildSettings = {
				ASSETCATALOG_COMPILER_APPICON_NAME = AppIcon;
				ASSETCATALOG_COMPILER_GLOBAL_ACCENT_COLOR_NAME = AccentColor;
				CODE_SIGN_STYLE = Automatic;
				CURRENT_PROJECT_VERSION = 1;
				DEVELOPMENT_TEAM = WSRFJTXVY6;
				ENABLE_USER_SCRIPT_SANDBOXING = NO;
				GENERATE_INFOPLIST_FILE = YES;
				INFOPLIST_FILE = ClothesShop/Info.plist;
				INFOPLIST_KEY_UIApplicationSupportsIndirectInputEvents = YES;
				INFOPLIST_KEY_UILaunchStoryboardName = LaunchScreen;
				INFOPLIST_KEY_UISupportedInterfaceOrientations_iPad = "UIInterfaceOrientationPortrait UIInterfaceOrientationPortraitUpsideDown UIInterfaceOrientationLandscapeLeft UIInterfaceOrientationLandscapeRight";
				INFOPLIST_KEY_UISupportedInterfaceOrientations_iPhone = "UIInterfaceOrientationPortrait UIInterfaceOrientationLandscapeLeft UIInterfaceOrientationLandscapeRight";
				LD_RUNPATH_SEARCH_PATHS = (
					"$(inherited)",
					"@executable_path/Frameworks",
				);
				MARKETING_VERSION = 1.0;
				PRODUCT_BUNDLE_IDENTIFIER = ClothesShop.ClothesShop;
				PRODUCT_NAME = "$(TARGET_NAME)";
				STRING_CATALOG_GENERATE_SYMBOLS = YES;
				SWIFT_APPROACHABLE_CONCURRENCY = YES;
				SWIFT_DEFAULT_ACTOR_ISOLATION = MainActor;
				SWIFT_EMIT_LOC_STRINGS = YES;
				SWIFT_UPCOMING_FEATURE_MEMBER_IMPORT_VISIBILITY = YES;
				SWIFT_VERSION = 5.0;
				TARGETED_DEVICE_FAMILY = "1,2";
			};
			name = Release;
		};
		9835B4302F5597E9005FA0C0 /* Debug */ = {
			isa = XCBuildConfiguration;
			buildSettings = {
				ALWAYS_SEARCH_USER_PATHS = NO;
				ASSETCATALOG_COMPILER_GENERATE_SWIFT_ASSET_SYMBOL_EXTENSIONS = YES;
				CLANG_ANALYZER_NONNULL = YES;
				CLANG_ANALYZER_NUMBER_OBJECT_CONVERSION = YES_AGGRESSIVE;
				CLANG_CXX_LANGUAGE_STANDARD = "gnu++20";
				CLANG_ENABLE_MODULES = YES;
				CLANG_ENABLE_OBJC_ARC = YES;
				CLANG_ENABLE_OBJC_WEAK = YES;
				CLANG_WARN_BLOCK_CAPTURE_AUTORELEASING = YES;
				CLANG_WARN_BOOL_CONVERSION = YES;
				CLANG_WARN_COMMA = YES;
				CLANG_WARN_CONSTANT_CONVERSION = YES;
				CLANG_WARN_DEPRECATED_OBJC_IMPLEMENTATIONS = YES;
				CLANG_WARN_DIRECT_OBJC_ISA_USAGE = YES_ERROR;
				CLANG_WARN_DOCUMENTATION_COMMENTS = YES;
				CLANG_WARN_EMPTY_BODY = YES;
				CLANG_WARN_ENUM_CONVERSION = YES;
				CLANG_WARN_INFINITE_RECURSION = YES;
				CLANG_WARN_INT_CONVERSION = YES;
				CLANG_WARN_NON_LITERAL_NULL_CONVERSION = YES;
				CLANG_WARN_OBJC_IMPLICIT_RETAIN_SELF = YES;
				CLANG_WARN_OBJC_LITERAL_CONVERSION = YES;
				CLANG_WARN_OBJC_ROOT_CLASS = YES_ERROR;
				CLANG_WARN_QUOTED_INCLUDE_IN_FRAMEWORK_HEADER = YES;
				CLANG_WARN_RANGE_LOOP_ANALYSIS = YES;
				CLANG_WARN_STRICT_PROTOTYPES = YES;
				CLANG_WARN_SUSPICIOUS_MOVE = YES;
				CLANG_WARN_UNGUARDED_AVAILABILITY = YES_AGGRESSIVE;
				CLANG_WARN_UNREACHABLE_CODE = YES;
				CLANG_WARN__DUPLICATE_METHOD_MATCH = YES;
				COPY_PHASE_STRIP = NO;
				DEBUG_INFORMATION_FORMAT = dwarf;
				DEVELOPMENT_TEAM = WSRFJTXVY6;
				ENABLE_STRICT_OBJC_MSGSEND = YES;
				ENABLE_TESTABILITY = YES;
				ENABLE_USER_SCRIPT_SANDBOXING = YES;
				GCC_C_LANGUAGE_STANDARD = gnu17;
				GCC_DYNAMIC_NO_PIC = NO;
				GCC_NO_COMMON_BLOCKS = YES;
				GCC_OPTIMIZATION_LEVEL = 0;
				GCC_PREPROCESSOR_DEFINITIONS = (
					"DEBUG=1",
					"$(inherited)",
				);
				GCC_WARN_64_TO_32_BIT_CONVERSION = YES;
				GCC_WARN_ABOUT_RETURN_TYPE = YES_ERROR;
				GCC_WARN_UNDECLARED_SELECTOR = YES;
				GCC_WARN_UNINITIALIZED_AUTOS = YES_AGGRESSIVE;
				GCC_WARN_UNUSED_FUNCTION = YES;
				GCC_WARN_UNUSED_VARIABLE = YES;
				IPHONEOS_DEPLOYMENT_TARGET = 26.2;
				LOCALIZATION_PREFERS_STRING_CATALOGS = YES;
				MTL_ENABLE_DEBUG_INFO = INCLUDE_SOURCE;
				MTL_FAST_MATH = YES;
				ONLY_ACTIVE_ARCH = YES;
				SDKROOT = iphoneos;
				SWIFT_ACTIVE_COMPILATION_CONDITIONS = "DEBUG $(inherited)";
				SWIFT_OPTIMIZATION_LEVEL = "-Onone";
			};
			name = Debug;
		};
		9835B4312F5597E9005FA0C0 /* Release */ = {
			isa = XCBuildConfiguration;
			buildSettings = {
				ALWAYS_SEARCH_USER_PATHS = NO;
				ASSETCATALOG_COMPILER_GENERATE_SWIFT_ASSET_SYMBOL_EXTENSIONS = YES;
				CLANG_ANALYZER_NONNULL = YES;
				CLANG_ANALYZER_NUMBER_OBJECT_CONVERSION = YES_AGGRESSIVE;
				CLANG_CXX_LANGUAGE_STANDARD = "gnu++20";
				CLANG_ENABLE_MODULES = YES;
				CLANG_ENABLE_OBJC_ARC = YES;
				CLANG_ENABLE_OBJC_WEAK = YES;
				CLANG_WARN_BLOCK_CAPTURE_AUTORELEASING = YES;
				CLANG_WARN_BOOL_CONVERSION = YES;
				CLANG_WARN_COMMA = YES;
				CLANG_WARN_CONSTANT_CONVERSION = YES;
				CLANG_WARN_DEPRECATED_OBJC_IMPLEMENTATIONS = YES;
				CLANG_WARN_DIRECT_OBJC_ISA_USAGE = YES_ERROR;
				CLANG_WARN_DOCUMENTATION_COMMENTS = YES;
				CLANG_WARN_EMPTY_BODY = YES;
				CLANG_WARN_ENUM_CONVERSION = YES;
				CLANG_WARN_INFINITE_RECURSION = YES;
				CLANG_WARN_INT_CONVERSION = YES;
				CLANG_WARN_NON_LITERAL_NULL_CONVERSION = YES;
				CLANG_WARN_OBJC_IMPLICIT_RETAIN_SELF = YES;
				CLANG_WARN_OBJC_LITERAL_CONVERSION = YES;
				CLANG_WARN_OBJC_ROOT_CLASS = YES_ERROR;
				CLANG_WARN_QUOTED_INCLUDE_IN_FRAMEWORK_HEADER = YES;
				CLANG_WARN_RANGE_LOOP_ANALYSIS = YES;
				CLANG_WARN_STRICT_PROTOTYPES = YES;
				CLANG_WARN_SUSPICIOUS_MOVE = YES;
				CLANG_WARN_UNGUARDED_AVAILABILITY = YES_AGGRESSIVE;
				CLANG_WARN_UNREACHABLE_CODE = YES;
				CLANG_WARN__DUPLICATE_METHOD_MATCH = YES;
				COPY_PHASE_STRIP = NO;
				DEBUG_INFORMATION_FORMAT = "dwarf-with-dsym";
				DEVELOPMENT_TEAM = WSRFJTXVY6;
				ENABLE_NS_ASSERTIONS = NO;
				ENABLE_STRICT_OBJC_MSGSEND = YES;
				ENABLE_USER_SCRIPT_SANDBOXING = YES;
				GCC_C_LANGUAGE_STANDARD = gnu17;
				GCC_NO_COMMON_BLOCKS = YES;
				GCC_WARN_64_TO_32_BIT_CONVERSION = YES;
				GCC_WARN_ABOUT_RETURN_TYPE = YES_ERROR;
				GCC_WARN_UNDECLARED_SELECTOR = YES;
				GCC_WARN_UNINITIALIZED_AUTOS = YES_AGGRESSIVE;
				GCC_WARN_UNUSED_FUNCTION = YES;
				GCC_WARN_UNUSED_VARIABLE = YES;
				IPHONEOS_DEPLOYMENT_TARGET = 26.2;
				LOCALIZATION_PREFERS_STRING_CATALOGS = YES;
				MTL_ENABLE_DEBUG_INFO = NO;
				MTL_FAST_MATH = YES;
				SDKROOT = iphoneos;
				SWIFT_COMPILATION_MODE = wholemodule;
				VALIDATE_PRODUCT = YES;
			};
			name = Release;
		};
		9835B4332F5597E9005FA0C0 /* Debug */ = {
			isa = XCBuildConfiguration;
			baseConfigurationReference = 547162F5A5039A6E09F26285 /* Pods-ClothesShopTests.debug.xcconfig */;
			buildSettings = {
				BUNDLE_LOADER = "$(TEST_HOST)";
				CODE_SIGN_STYLE = Automatic;
				CURRENT_PROJECT_VERSION = 1;
				DEVELOPMENT_TEAM = WSRFJTXVY6;
				ENABLE_USER_SCRIPT_SANDBOXING = NO;
				GENERATE_INFOPLIST_FILE = YES;
				IPHONEOS_DEPLOYMENT_TARGET = 26.2;
				MARKETING_VERSION = 1.0;
				PRODUCT_BUNDLE_IDENTIFIER = ClothesShop.ClothesShopTests;
				PRODUCT_NAME = "$(TARGET_NAME)";
				STRING_CATALOG_GENERATE_SYMBOLS = NO;
				SWIFT_APPROACHABLE_CONCURRENCY = YES;
				SWIFT_EMIT_LOC_STRINGS = NO;
				SWIFT_UPCOMING_FEATURE_MEMBER_IMPORT_VISIBILITY = YES;
				SWIFT_VERSION = 5.0;
				TARGETED_DEVICE_FAMILY = "1,2";
				TEST_HOST = "$(BUILT_PRODUCTS_DIR)/ClothesShop.app/$(BUNDLE_EXECUTABLE_FOLDER_PATH)/ClothesShop";
			};
			name = Debug;
		};
		9835B4342F5597E9005FA0C0 /* Release */ = {
			isa = XCBuildConfiguration;
			baseConfigurationReference = ED79FC42D0EA29D1BFF46F61 /* Pods-ClothesShopTests.release.xcconfig */;
			buildSettings = {
				BUNDLE_LOADER = "$(TEST_HOST)";
				CODE_SIGN_STYLE = Automatic;
				CURRENT_PROJECT_VERSION = 1;
				DEVELOPMENT_TEAM = WSRFJTXVY6;
				ENABLE_USER_SCRIPT_SANDBOXING = NO;
				GENERATE_INFOPLIST_FILE = YES;
				IPHONEOS_DEPLOYMENT_TARGET = 26.2;
				MARKETING_VERSION = 1.0;
				PRODUCT_BUNDLE_IDENTIFIER = ClothesShop.ClothesShopTests;
				PRODUCT_NAME = "$(TARGET_NAME)";
				STRING_CATALOG_GENERATE_SYMBOLS = NO;
				SWIFT_APPROACHABLE_CONCURRENCY = YES;
				SWIFT_EMIT_LOC_STRINGS = NO;
				SWIFT_UPCOMING_FEATURE_MEMBER_IMPORT_VISIBILITY = YES;
				SWIFT_VERSION = 5.0;
				TARGETED_DEVICE_FAMILY = "1,2";
				TEST_HOST = "$(BUILT_PRODUCTS_DIR)/ClothesShop.app/$(BUNDLE_EXECUTABLE_FOLDER_PATH)/ClothesShop";
			};
			name = Release;
		};
/* End XCBuildConfiguration section */

/* Begin XCConfigurationList section */
		9835B3FF2F5597E8005FA0C0 /* Build configuration list for PBXProject "ClothesShop" */ = {
			isa = XCConfigurationList;
			buildConfigurations = (
				9835B4302F5597E9005FA0C0 /* Debug */,
				9835B4312F5597E9005FA0C0 /* Release */,
			);
			defaultConfigurationIsVisible = 0;
			defaultConfigurationName = Release;
		};
		9835B42D2F5597E9005FA0C0 /* Build configuration list for PBXNativeTarget "ClothesShop" */ = {
			isa = XCConfigurationList;
			buildConfigurations = (
				9835B42E2F5597E9005FA0C0 /* Debug */,
				9835B42F2F5597E9005FA0C0 /* Release */,
			);
			defaultConfigurationIsVisible = 0;
			defaultConfigurationName = Release;
		};
		9835B4322F5597E9005FA0C0 /* Build configuration list for PBXNativeTarget "ClothesShopTests" */ = {
			isa = XCConfigurationList;
			buildConfigurations = (
				9835B4332F5597E9005FA0C0 /* Debug */,
				9835B4342F5597E9005FA0C0 /* Release */,
			);
			defaultConfigurationIsVisible = 0;
			defaultConfigurationName = Release;
		};
/* End XCConfigurationList section */
	};
	rootObject = 9835B3FC2F5597E8005FA0C0 /* Project object */;
}
